// !$*UTF8*$!
{
	archiveVersion = 1;
	classes = {
	};
	objectVersion = 48;
	objects = {

/* Begin PBXBuildFile section */
		07FF6989DE2F0527D6E6F7E7 /* Pods_Foodies_Thesis01.framework in Frameworks */ = {isa = PBXBuildFile; fileRef = CF6F4050083E0FD8EBDEC6A7 /* Pods_Foodies_Thesis01.framework */; };
		843FF5E2207FBEF600220DAF /* AppDelegate.swift in Sources */ = {isa = PBXBuildFile; fileRef = 843FF5E1207FBEF600220DAF /* AppDelegate.swift */; };
		843FF5E7207FBEF600220DAF /* Main.storyboard in Resources */ = {isa = PBXBuildFile; fileRef = 843FF5E5207FBEF600220DAF /* Main.storyboard */; };
		843FF5E9207FBEF600220DAF /* Assets.xcassets in Resources */ = {isa = PBXBuildFile; fileRef = 843FF5E8207FBEF600220DAF /* Assets.xcassets */; };
		843FF5EC207FBEF600220DAF /* LaunchScreen.storyboard in Resources */ = {isa = PBXBuildFile; fileRef = 843FF5EA207FBEF600220DAF /* LaunchScreen.storyboard */; };
		843FF5F9207FDA3300220DAF /* GoogleService-Info.plist in Resources */ = {isa = PBXBuildFile; fileRef = 843FF5F8207FDA3300220DAF /* GoogleService-Info.plist */; };
		843FF5FB207FDD1000220DAF /* welcomeViewController.swift in Sources */ = {isa = PBXBuildFile; fileRef = 843FF5FA207FDD1000220DAF /* welcomeViewController.swift */; };
		843FF5FD207FDD2D00220DAF /* RegisterViewController.swift in Sources */ = {isa = PBXBuildFile; fileRef = 843FF5FC207FDD2D00220DAF /* RegisterViewController.swift */; };
		843FF5FF207FDD3D00220DAF /* LoginViewController.swift in Sources */ = {isa = PBXBuildFile; fileRef = 843FF5FE207FDD3D00220DAF /* LoginViewController.swift */; };
		843FF601207FDDDF00220DAF /* AddItemViewController.swift in Sources */ = {isa = PBXBuildFile; fileRef = 843FF600207FDDDF00220DAF /* AddItemViewController.swift */; };
		843FF635208280FE00220DAF /* CustomMessageCell.swift in Sources */ = {isa = PBXBuildFile; fileRef = 843FF633208280FE00220DAF /* CustomMessageCell.swift */; };
		843FF636208280FE00220DAF /* MessageCell.xib in Resources */ = {isa = PBXBuildFile; fileRef = 843FF634208280FE00220DAF /* MessageCell.xib */; };
		843FF63820828E4200220DAF /* Message.swift in Sources */ = {isa = PBXBuildFile; fileRef = 843FF63720828E4200220DAF /* Message.swift */; };
		843FF63A2082C4E000220DAF /* RecipeViewController.swift in Sources */ = {isa = PBXBuildFile; fileRef = 843FF6392082C4E000220DAF /* RecipeViewController.swift */; };
/* End PBXBuildFile section */

/* Begin PBXFileReference section */
		118B38FE520FFCD82D773394 /* Pods-Foodies_Thesis01.debug.xcconfig */ = {isa = PBXFileReference; includeInIndex = 1; lastKnownFileType = text.xcconfig; name = "Pods-Foodies_Thesis01.debug.xcconfig"; path = "Pods/Target Support Files/Pods-Foodies_Thesis01/Pods-Foodies_Thesis01.debug.xcconfig"; sourceTree = "<group>"; };
		843FF5DE207FBEF600220DAF /* Foodies_Thesis01.app */ = {isa = PBXFileReference; explicitFileType = wrapper.application; includeInIndex = 0; path = Foodies_Thesis01.app; sourceTree = BUILT_PRODUCTS_DIR; };
		843FF5E1207FBEF600220DAF /* AppDelegate.swift */ = {isa = PBXFileReference; lastKnownFileType = sourcecode.swift; path = AppDelegate.swift; sourceTree = "<group>"; };
		843FF5E6207FBEF600220DAF /* Base */ = {isa = PBXFileReference; lastKnownFileType = file.storyboard; name = Base; path = Base.lproj/Main.storyboard; sourceTree = "<group>"; };
		843FF5E8207FBEF600220DAF /* Assets.xcassets */ = {isa = PBXFileReference; lastKnownFileType = folder.assetcatalog; path = Assets.xcassets; sourceTree = "<group>"; };
		843FF5EB207FBEF600220DAF /* Base */ = {isa = PBXFileReference; lastKnownFileType = file.storyboard; name = Base; path = Base.lproj/LaunchScreen.storyboard; sourceTree = "<group>"; };
		843FF5ED207FBEF600220DAF /* Info.plist */ = {isa = PBXFileReference; lastKnownFileType = text.plist.xml; path = Info.plist; sourceTree = "<group>"; };
		843FF5F8207FDA3300220DAF /* GoogleService-Info.plist */ = {isa = PBXFileReference; fileEncoding = 4; lastKnownFileType = text.plist.xml; path = "GoogleService-Info.plist"; sourceTree = "<group>"; };
		843FF5FA207FDD1000220DAF /* welcomeViewController.swift */ = {isa = PBXFileReference; lastKnownFileType = sourcecode.swift; path = welcomeViewController.swift; sourceTree = "<group>"; };
		843FF5FC207FDD2D00220DAF /* RegisterViewController.swift */ = {isa = PBXFileReference; lastKnownFileType = sourcecode.swift; path = RegisterViewController.swift; sourceTree = "<group>"; };
		843FF5FE207FDD3D00220DAF /* LoginViewController.swift */ = {isa = PBXFileReference; lastKnownFileType = sourcecode.swift; path = LoginViewController.swift; sourceTree = "<group>"; };
		843FF600207FDDDF00220DAF /* AddItemViewController.swift */ = {isa = PBXFileReference; lastKnownFileType = sourcecode.swift; path = AddItemViewController.swift; sourceTree = "<group>"; };
		843FF633208280FE00220DAF /* CustomMessageCell.swift */ = {isa = PBXFileReference; lastKnownFileType = sourcecode.swift; path = CustomMessageCell.swift; sourceTree = "<group>"; };
		843FF634208280FE00220DAF /* MessageCell.xib */ = {isa = PBXFileReference; lastKnownFileType = file.xib; path = MessageCell.xib; sourceTree = "<group>"; };
		843FF63720828E4200220DAF /* Message.swift */ = {isa = PBXFileReference; lastKnownFileType = sourcecode.swift; path = Message.swift; sourceTree = "<group>"; };
		843FF6392082C4E000220DAF /* RecipeViewController.swift */ = {isa = PBXFileReference; lastKnownFileType = sourcecode.swift; path = RecipeViewController.swift; sourceTree = "<group>"; };
		CF6F4050083E0FD8EBDEC6A7 /* Pods_Foodies_Thesis01.framework */ = {isa = PBXFileReference; explicitFileType = wrapper.framework; includeInIndex = 0; path = Pods_Foodies_Thesis01.framework; sourceTree = BUILT_PRODUCTS_DIR; };
		E0A6CEBD80719BF0642D191A /* Pods-Foodies_Thesis01.release.xcconfig */ = {isa = PBXFileReference; includeInIndex = 1; lastKnownFileType = text.xcconfig; name = "Pods-Foodies_Thesis01.release.xcconfig"; path = "Pods/Target Support Files/Pods-Foodies_Thesis01/Pods-Foodies_Thesis01.release.xcconfig"; sourceTree = "<group>"; };
/* End PBXFileReference section */

/* Begin PBXFrameworksBuildPhase section */
		843FF5DB207FBEF600220DAF /* Frameworks */ = {
			isa = PBXFrameworksBuildPhase;
			buildActionMask = 2147483647;
			files = (
				07FF6989DE2F0527D6E6F7E7 /* Pods_Foodies_Thesis01.framework in Frameworks */,
			);
			runOnlyForDeploymentPostprocessing = 0;
		};
/* End PBXFrameworksBuildPhase section */

/* Begin PBXGroup section */
		032428E51CC1CB0549155B7C /* Frameworks */ = {
			isa = PBXGroup;
			children = (
				CF6F4050083E0FD8EBDEC6A7 /* Pods_Foodies_Thesis01.framework */,
			);
			name = Frameworks;
			sourceTree = "<group>";
		};
		5119905E701CCF4747DF7486 /* Pods */ = {
			isa = PBXGroup;
			children = (
				118B38FE520FFCD82D773394 /* Pods-Foodies_Thesis01.debug.xcconfig */,
				E0A6CEBD80719BF0642D191A /* Pods-Foodies_Thesis01.release.xcconfig */,
			);
			name = Pods;
			sourceTree = "<group>";
		};
		843FF5D5207FBEF500220DAF = {
			isa = PBXGroup;
			children = (
				843FF5E0207FBEF600220DAF /* Foodies_Thesis01 */,
				843FF5DF207FBEF600220DAF /* Products */,
				5119905E701CCF4747DF7486 /* Pods */,
				032428E51CC1CB0549155B7C /* Frameworks */,
			);
			sourceTree = "<group>";
		};
		843FF5DF207FBEF600220DAF /* Products */ = {
			isa = PBXGroup;
			children = (
				843FF5DE207FBEF600220DAF /* Foodies_Thesis01.app */,
			);
			name = Products;
			sourceTree = "<group>";
		};
		843FF5E0207FBEF600220DAF /* Foodies_Thesis01 */ = {
			isa = PBXGroup;
			children = (
				843FF6322082809D00220DAF /* CustomCell */,
				843FF5F7207FC43E00220DAF /* Controller */,
				843FF5F6207FC43200220DAF /* View */,
				843FF5F5207FC42200220DAF /* Model */,
				843FF5E8207FBEF600220DAF /* Assets.xcassets */,
				843FF5ED207FBEF600220DAF /* Info.plist */,
				843FF5F8207FDA3300220DAF /* GoogleService-Info.plist */,
			);
			path = Foodies_Thesis01;
			sourceTree = "<group>";
		};
		843FF5F5207FC42200220DAF /* Model */ = {
			isa = PBXGroup;
			children = (
				843FF63720828E4200220DAF /* Message.swift */,
			);
			path = Model;
			sourceTree = "<group>";
		};
		843FF5F6207FC43200220DAF /* View */ = {
			isa = PBXGroup;
			children = (
				843FF5EA207FBEF600220DAF /* LaunchScreen.storyboard */,
				843FF5E5207FBEF600220DAF /* Main.storyboard */,
			);
			path = View;
			sourceTree = "<group>";
		};
		843FF5F7207FC43E00220DAF /* Controller */ = {
			isa = PBXGroup;
			children = (
				843FF5E1207FBEF600220DAF /* AppDelegate.swift */,
				843FF5FA207FDD1000220DAF /* welcomeViewController.swift */,
				843FF5FC207FDD2D00220DAF /* RegisterViewController.swift */,
				843FF5FE207FDD3D00220DAF /* LoginViewController.swift */,
				843FF600207FDDDF00220DAF /* AddItemViewController.swift */,
				843FF6392082C4E000220DAF /* RecipeViewController.swift */,
			);
			path = Controller;
			sourceTree = "<group>";
		};
		843FF6322082809D00220DAF /* CustomCell */ = {
			isa = PBXGroup;
			children = (
				843FF633208280FE00220DAF /* CustomMessageCell.swift */,
				843FF634208280FE00220DAF /* MessageCell.xib */,
			);
			path = CustomCell;
			sourceTree = "<group>";
		};
/* End PBXGroup section */

/* Begin PBXNativeTarget section */
		843FF5DD207FBEF600220DAF /* Foodies_Thesis01 */ = {
			isa = PBXNativeTarget;
			buildConfigurationList = 843FF5F0207FBEF600220DAF /* Build configuration list for PBXNativeTarget "Foodies_Thesis01" */;
			buildPhases = (
				CDAF22F6D13269A1B3C209D3 /* [CP] Check Pods Manifest.lock */,
				843FF5DA207FBEF600220DAF /* Sources */,
				843FF5DB207FBEF600220DAF /* Frameworks */,
				843FF5DC207FBEF600220DAF /* Resources */,
				7559698E42D113EF38DE6269 /* [CP] Embed Pods Frameworks */,
			);
			buildRules = (
			);
			dependencies = (
			);
			name = Foodies_Thesis01;
			productName = Foodies_Thesis01;
			productReference = 843FF5DE207FBEF600220DAF /* Foodies_Thesis01.app */;
			productType = "com.apple.product-type.application";
		};
/* End PBXNativeTarget section */

/* Begin PBXProject section */
		843FF5D6207FBEF500220DAF /* Project object */ = {
			isa = PBXProject;
			attributes = {
				LastSwiftUpdateCheck = 0920;
				LastUpgradeCheck = 0920;
				ORGANIZATIONNAME = luqianchen;
				TargetAttributes = {
					843FF5DD207FBEF600220DAF = {
						CreatedOnToolsVersion = 9.2;
						ProvisioningStyle = Automatic;
					};
				};
			};
			buildConfigurationList = 843FF5D9207FBEF500220DAF /* Build configuration list for PBXProject "Foodies_Thesis01" */;
			compatibilityVersion = "Xcode 8.0";
			developmentRegion = en;
			hasScannedForEncodings = 0;
			knownRegions = (
				en,
				Base,
			);
			mainGroup = 843FF5D5207FBEF500220DAF;
			productRefGroup = 843FF5DF207FBEF600220DAF /* Products */;
			projectDirPath = "";
			projectRoot = "";
			targets = (
				843FF5DD207FBEF600220DAF /* Foodies_Thesis01 */,
			);
		};
/* End PBXProject section */

/* Begin PBXResourcesBuildPhase section */
		843FF5DC207FBEF600220DAF /* Resources */ = {
			isa = PBXResourcesBuildPhase;
			buildActionMask = 2147483647;
			files = (
				843FF5EC207FBEF600220DAF /* LaunchScreen.storyboard in Resources */,
				843FF5F9207FDA3300220DAF /* GoogleService-Info.plist in Resources */,
				843FF5E9207FBEF600220DAF /* Assets.xcassets in Resources */,
				843FF636208280FE00220DAF /* MessageCell.xib in Resources */,
				843FF5E7207FBEF600220DAF /* Main.storyboard in Resources */,
			);
			runOnlyForDeploymentPostprocessing = 0;
		};
/* End PBXResourcesBuildPhase section */

/* Begin PBXShellScriptBuildPhase section */
		7559698E42D113EF38DE6269 /* [CP] Embed Pods Frameworks */ = {
			isa = PBXShellScriptBuildPhase;
			buildActionMask = 2147483647;
			files = (
			);
			inputPaths = (
				"${SRCROOT}/Pods/Target Support Files/Pods-Foodies_Thesis01/Pods-Foodies_Thesis01-frameworks.sh",
				"${BUILT_PRODUCTS_DIR}/Alamofire/Alamofire.framework",
				"${BUILT_PRODUCTS_DIR}/ChameleonFramework/ChameleonFramework.framework",
				"${BUILT_PRODUCTS_DIR}/GTMSessionFetcher/GTMSessionFetcher.framework",
				"${BUILT_PRODUCTS_DIR}/GoogleToolboxForMac/GoogleToolboxForMac.framework",
				"${BUILT_PRODUCTS_DIR}/Haneke/Haneke.framework",
				"${BUILT_PRODUCTS_DIR}/SVProgressHUD/SVProgressHUD.framework",
				"${BUILT_PRODUCTS_DIR}/SwiftyJSON/SwiftyJSON.framework",
				"${BUILT_PRODUCTS_DIR}/leveldb-library/leveldb.framework",
				"${BUILT_PRODUCTS_DIR}/nanopb/nanopb.framework",
			);
			name = "[CP] Embed Pods Frameworks";
			outputPaths = (
				"${TARGET_BUILD_DIR}/${FRAMEWORKS_FOLDER_PATH}/Alamofire.framework",
				"${TARGET_BUILD_DIR}/${FRAMEWORKS_FOLDER_PATH}/ChameleonFramework.framework",
				"${TARGET_BUILD_DIR}/${FRAMEWORKS_FOLDER_PATH}/GTMSessionFetcher.framework",
				"${TARGET_BUILD_DIR}/${FRAMEWORKS_FOLDER_PATH}/GoogleToolboxForMac.framework",
				"${TARGET_BUILD_DIR}/${FRAMEWORKS_FOLDER_PATH}/Haneke.framework",
				"${TARGET_BUILD_DIR}/${FRAMEWORKS_FOLDER_PATH}/SVProgressHUD.framework",
				"${TARGET_BUILD_DIR}/${FRAMEWORKS_FOLDER_PATH}/SwiftyJSON.framework",
				"${TARGET_BUILD_DIR}/${FRAMEWORKS_FOLDER_PATH}/leveldb.framework",
				"${TARGET_BUILD_DIR}/${FRAMEWORKS_FOLDER_PATH}/nanopb.framework",
			);
			runOnlyForDeploymentPostprocessing = 0;
			shellPath = /bin/sh;
			shellScript = "\"${SRCROOT}/Pods/Target Support Files/Pods-Foodies_Thesis01/Pods-Foodies_Thesis01-frameworks.sh\"\n";
			showEnvVarsInLog = 0;
		};
		CDAF22F6D13269A1B3C209D3 /* [CP] Check Pods Manifest.lock */ = {
			isa = PBXShellScriptBuildPhase;
			buildActionMask = 2147483647;
			files = (
			);
			inputPaths = (
				"${PODS_PODFILE_DIR_PATH}/Podfile.lock",
				"${PODS_ROOT}/Manifest.lock",
			);
			name = "[CP] Check Pods Manifest.lock";
			outputPaths = (
				"$(DERIVED_FILE_DIR)/Pods-Foodies_Thesis01-checkManifestLockResult.txt",
			);
			runOnlyForDeploymentPostprocessing = 0;
			shellPath = /bin/sh;
			shellScript = "diff \"${PODS_PODFILE_DIR_PATH}/Podfile.lock\" \"${PODS_ROOT}/Manifest.lock\" > /dev/null\nif [ $? != 0 ] ; then\n    # print error to STDERR\n    echo \"error: The sandbox is not in sync with the Podfile.lock. Run 'pod install' or update your CocoaPods installation.\" >&2\n    exit 1\nfi\n# This output is used by Xcode 'outputs' to avoid re-running this script phase.\necho \"SUCCESS\" > \"${SCRIPT_OUTPUT_FILE_0}\"\n";
			showEnvVarsInLog = 0;
		};
/* End PBXShellScriptBuildPhase section */

/* Begin PBXSourcesBuildPhase section */
		843FF5DA207FBEF600220DAF /* Sources */ = {
			isa = PBXSourcesBuildPhase;
			buildActionMask = 2147483647;
			files = (
				843FF635208280FE00220DAF /* CustomMessageCell.swift in Sources */,
				843FF601207FDDDF00220DAF /* AddItemViewController.swift in Sources */,
				843FF5FF207FDD3D00220DAF /* LoginViewController.swift in Sources */,
				843FF5FD207FDD2D00220DAF /* RegisterViewController.swift in Sources */,
				843FF63A2082C4E000220DAF /* RecipeViewController.swift in Sources */,
				843FF5E2207FBEF600220DAF /* AppDelegate.swift in Sources */,
				843FF5FB207FDD1000220DAF /* welcomeViewController.swift in Sources */,
				843FF63820828E4200220DAF /* Message.swift in Sources */,
			);
			runOnlyForDeploymentPostprocessing = 0;
		};
/* End PBXSourcesBuildPhase section */

/* Begin PBXVariantGroup section */
		843FF5E5207FBEF600220DAF /* Main.storyboard */ = {
			isa = PBXVariantGroup;
			children = (
				843FF5E6207FBEF600220DAF /* Base */,
			);
			name = Main.storyboard;
			sourceTree = "<group>";
		};
		843FF5EA207FBEF600220DAF /* LaunchScreen.storyboard */ = {
			isa = PBXVariantGroup;
			children = (
				843FF5EB207FBEF600220DAF /* Base */,
			);
			name = LaunchScreen.storyboard;
			sourceTree = "<group>";
		};
/* End PBXVariantGroup section */

/* Begin XCBuildConfiguration section */
		843FF5EE207FBEF600220DAF /* Debug */ = {
			isa = XCBuildConfiguration;
			buildSettings = {
				ALWAYS_SEARCH_USER_PATHS = NO;
				CLANG_ANALYZER_NONNULL = YES;
				CLANG_ANALYZER_NUMBER_OBJECT_CONVERSION = YES_AGGRESSIVE;
				CLANG_CXX_LANGUAGE_STANDARD = "gnu++14";
				CLANG_CXX_LIBRARY = "libc++";
				CLANG_ENABLE_MODULES = YES;
				CLANG_ENABLE_OBJC_ARC = YES;
				CLANG_WARN_BLOCK_CAPTURE_AUTORELEASING = YES;
				CLANG_WARN_BOOL_CONVERSION = YES;
				CLANG_WARN_COMMA = YES;
				CLANG_WARN_CONSTANT_CONVERSION = YES;
				CLANG_WARN_DIRECT_OBJC_ISA_USAGE = YES_ERROR;
				CLANG_WARN_DOCUMENTATION_COMMENTS = YES;
				CLANG_WARN_EMPTY_BODY = YES;
				CLANG_WARN_ENUM_CONVERSION = YES;
				CLANG_WARN_INFINITE_RECURSION = YES;
				CLANG_WARN_INT_CONVERSION = YES;
				CLANG_WARN_NON_LITERAL_NULL_CONVERSION = YES;
				CLANG_WARN_OBJC_LITERAL_CONVERSION = YES;
				CLANG_WARN_OBJC_ROOT_CLASS = YES_ERROR;
				CLANG_WARN_RANGE_LOOP_ANALYSIS = YES;
				CLANG_WARN_STRICT_PROTOTYPES = YES;
				CLANG_WARN_SUSPICIOUS_MOVE = YES;
				CLANG_WARN_UNGUARDED_AVAILABILITY = YES_AGGRESSIVE;
				CLANG_WARN_UNREACHABLE_CODE = YES;
				CLANG_WARN__DUPLICATE_METHOD_MATCH = YES;
				CODE_SIGN_IDENTITY = "iPhone Developer";
				COPY_PHASE_STRIP = NO;
				DEBUG_INFORMATION_FORMAT = dwarf;
				ENABLE_STRICT_OBJC_MSGSEND = YES;
				ENABLE_TESTABILITY = YES;
				GCC_C_LANGUAGE_STANDARD = gnu11;
				GCC_DYNAMIC_NO_PIC = NO;
				GCC_NO_COMMON_BLOCKS = YES;
				GCC_OPTIMIZATION_LEVEL = 0;
				GCC_PREPROCESSOR_DEFINITIONS = (
					"DEBUG=1",
					"$(inherited)",
				);
				GCC_WARN_64_TO_32_BIT_CONVERSION = YES;
				GCC_WARN_ABOUT_RETURN_TYPE = YES_ERROR;
				GCC_WARN_UNDECLARED_SELECTOR = YES;
				GCC_WARN_UNINITIALIZED_AUTOS = YES_AGGRESSIVE;
				GCC_WARN_UNUSED_FUNCTION = YES;
				GCC_WARN_UNUSED_VARIABLE = YES;
				IPHONEOS_DEPLOYMENT_TARGET = 11.2;
				MTL_ENABLE_DEBUG_INFO = YES;
				ONLY_ACTIVE_ARCH = YES;
				SDKROOT = iphoneos;
				SWIFT_ACTIVE_COMPILATION_CONDITIONS = DEBUG;
				SWIFT_OPTIMIZATION_LEVEL = "-Onone";
			};
			name = Debug;
		};
		843FF5EF207FBEF600220DAF /* Release */ = {
			isa = XCBuildConfiguration;
			buildSettings = {
				ALWAYS_SEARCH_USER_PATHS = NO;
				CLANG_ANALYZER_NONNULL = YES;
				CLANG_ANALYZER_NUMBER_OBJECT_CONVERSION = YES_AGGRESSIVE;
				CLANG_CXX_LANGUAGE_STANDARD = "gnu++14";
				CLANG_CXX_LIBRARY = "libc++";
				CLANG_ENABLE_MODULES = YES;
				CLANG_ENABLE_OBJC_ARC = YES;
				CLANG_WARN_BLOCK_CAPTURE_AUTORELEASING = YES;
				CLANG_WARN_BOOL_CONVERSION = YES;
				CLANG_WARN_COMMA = YES;
				CLANG_WARN_CONSTANT_CONVERSION = YES;
				CLANG_WARN_DIRECT_OBJC_ISA_USAGE = YES_ERROR;
				CLANG_WARN_DOCUMENTATION_COMMENTS = YES;
				CLANG_WARN_EMPTY_BODY = YES;
				CLANG_WARN_ENUM_CONVERSION = YES;
				CLANG_WARN_INFINITE_RECURSION = YES;
				CLANG_WARN_INT_CONVERSION = YES;
				CLANG_WARN_NON_LITERAL_NULL_CONVERSION = YES;
				CLANG_WARN_OBJC_LITERAL_CONVERSION = YES;
				CLANG_WARN_OBJC_ROOT_CLASS = YES_ERROR;
				CLANG_WARN_RANGE_LOOP_ANALYSIS = YES;
				CLANG_WARN_STRICT_PROTOTYPES = YES;
				CLANG_WARN_SUSPICIOUS_MOVE = YES;
				CLANG_WARN_UNGUARDED_AVAILABILITY = YES_AGGRESSIVE;
				CLANG_WARN_UNREACHABLE_CODE = YES;
				CLANG_WARN__DUPLICATE_METHOD_MATCH = YES;
				CODE_SIGN_IDENTITY = "iPhone Developer";
				COPY_PHASE_STRIP = NO;
				DEBUG_INFORMATION_FORMAT = "dwarf-with-dsym";
				ENABLE_NS_ASSERTIONS = NO;
				ENABLE_STRICT_OBJC_MSGSEND = YES;
				GCC_C_LANGUAGE_STANDARD = gnu11;
				GCC_NO_COMMON_BLOCKS = YES;
				GCC_WARN_64_TO_32_BIT_CONVERSION = YES;
				GCC_WARN_ABOUT_RETURN_TYPE = YES_ERROR;
				GCC_WARN_UNDECLARED_SELECTOR = YES;
				GCC_WARN_UNINITIALIZED_AUTOS = YES_AGGRESSIVE;
				GCC_WARN_UNUSED_FUNCTION = YES;
				GCC_WARN_UNUSED_VARIABLE = YES;
				IPHONEOS_DEPLOYMENT_TARGET = 11.2;
				MTL_ENABLE_DEBUG_INFO = NO;
				SDKROOT = iphoneos;
				SWIFT_OPTIMIZATION_LEVEL = "-Owholemodule";
				VALIDATE_PRODUCT = YES;
			};
			name = Release;
		};
		843FF5F1207FBEF600220DAF /* Debug */ = {
			isa = XCBuildConfiguration;
			baseConfigurationReference = 118B38FE520FFCD82D773394 /* Pods-Foodies_Thesis01.debug.xcconfig */;
			buildSettings = {
				ASSETCATALOG_COMPILER_APPICON_NAME = AppIcon;
				CODE_SIGN_STYLE = Automatic;
				DEVELOPMENT_TEAM = 6HEZEG9F7J;
				INFOPLIST_FILE = Foodies_Thesis01/Info.plist;
				LD_RUNPATH_SEARCH_PATHS = "$(inherited) @executable_path/Frameworks";
				PRODUCT_BUNDLE_IDENTIFIER = "com.luqianchen.Foodies-Thesis01";
				PRODUCT_NAME = "$(TARGET_NAME)";
				SWIFT_VERSION = 4.0;
				TARGETED_DEVICE_FAMILY = "1,2";
			};
			name = Debug;
		};
		843FF5F2207FBEF600220DAF /* Release */ = {
			isa = XCBuildConfiguration;
			baseConfigurationReference = E0A6CEBD80719BF0642D191A /* Pods-Foodies_Thesis01.release.xcconfig */;
			buildSettings = {
				ASSETCATALOG_COMPILER_APPICON_NAME = AppIcon;
				CODE_SIGN_STYLE = Automatic;
				DEVELOPMENT_TEAM = 6HEZEG9F7J;
				INFOPLIST_FILE = Foodies_Thesis01/Info.plist;
				LD_RUNPATH_SEARCH_PATHS = "$(inherited) @executable_path/Frameworks";
				PRODUCT_BUNDLE_IDENTIFIER = "com.luqianchen.Foodies-Thesis01";
				PRODUCT_NAME = "$(TARGET_NAME)";
				SWIFT_VERSION = 4.0;
				TARGETED_DEVICE_FAMILY = "1,2";
			};
			name = Release;
		};
/* End XCBuildConfiguration section */

/* Begin XCConfigurationList section */
		843FF5D9207FBEF500220DAF /* Build configuration list for PBXProject "Foodies_Thesis01" */ = {
			isa = XCConfigurationList;
			buildConfigurations = (
				843FF5EE207FBEF600220DAF /* Debug */,
				843FF5EF207FBEF600220DAF /* Release */,
			);
			defaultConfigurationIsVisible = 0;
			defaultConfigurationName = Release;
		};
		843FF5F0207FBEF600220DAF /* Build configuration list for PBXNativeTarget "Foodies_Thesis01" */ = {
			isa = XCConfigurationList;
			buildConfigurations = (
				843FF5F1207FBEF600220DAF /* Debug */,
				843FF5F2207FBEF600220DAF /* Release */,
			);
			defaultConfigurationIsVisible = 0;
			defaultConfigurationName = Release;
		};
/* End XCConfigurationList section */
	};
	rootObject = 843FF5D6207FBEF500220DAF /* Project object */;
}
