// !$*UTF8*$!
{
	archiveVersion = 1;
	classes = {
	};
	objectVersion = 48;
	objects = {

/* Begin PBXBuildFile section */
		843FF5E2207FBEF600220DAF /* AppDelegate.swift in Sources */ = {isa = PBXBuildFile; fileRef = 843FF5E1207FBEF600220DAF /* AppDelegate.swift */; };
		843FF5E4207FBEF600220DAF /* ViewController.swift in Sources */ = {isa = PBXBuildFile; fileRef = 843FF5E3207FBEF600220DAF /* ViewController.swift */; };
		843FF5E7207FBEF600220DAF /* Main.storyboard in Resources */ = {isa = PBXBuildFile; fileRef = 843FF5E5207FBEF600220DAF /* Main.storyboard */; };
		843FF5E9207FBEF600220DAF /* Assets.xcassets in Resources */ = {isa = PBXBuildFile; fileRef = 843FF5E8207FBEF600220DAF /* Assets.xcassets */; };
		843FF5EC207FBEF600220DAF /* LaunchScreen.storyboard in Resources */ = {isa = PBXBuildFile; fileRef = 843FF5EA207FBEF600220DAF /* LaunchScreen.storyboard */; };
/* End PBXBuildFile section */

/* Begin PBXFileReference section */
		843FF5DE207FBEF600220DAF /* Foodies_Thesis01.app */ = {isa = PBXFileReference; explicitFileType = wrapper.application; includeInIndex = 0; path = Foodies_Thesis01.app; sourceTree = BUILT_PRODUCTS_DIR; };
		843FF5E1207FBEF600220DAF /* AppDelegate.swift */ = {isa = PBXFileReference; lastKnownFileType = sourcecode.swift; path = AppDelegate.swift; sourceTree = "<group>"; };
		843FF5E3207FBEF600220DAF /* ViewController.swift */ = {isa = PBXFileReference; lastKnownFileType = sourcecode.swift; path = ViewController.swift; sourceTree = "<group>"; };
		843FF5E6207FBEF600220DAF /* Base */ = {isa = PBXFileReference; lastKnownFileType = file.storyboard; name = Base; path = Base.lproj/Main.storyboard; sourceTree = "<group>"; };
		843FF5E8207FBEF600220DAF /* Assets.xcassets */ = {isa = PBXFileReference; lastKnownFileType = folder.assetcatalog; path = Assets.xcassets; sourceTree = "<group>"; };
		843FF5EB207FBEF600220DAF /* Base */ = {isa = PBXFileReference; lastKnownFileType = file.storyboard; name = Base; path = Base.lproj/LaunchScreen.storyboard; sourceTree = "<group>"; };
		843FF5ED207FBEF600220DAF /* Info.plist */ = {isa = PBXFileReference; lastKnownFileType = text.plist.xml; path = Info.plist; sourceTree = "<group>"; };
/* End PBXFileReference section */

/* Begin PBXFrameworksBuildPhase section */
		843FF5DB207FBEF600220DAF /* Frameworks */ = {
			isa = PBXFrameworksBuildPhase;
			buildActionMask = 2147483647;
			files = (
			);
			runOnlyForDeploymentPostprocessing = 0;
		};
/* End PBXFrameworksBuildPhase section */

/* Begin PBXGroup section */
		843FF5D5207FBEF500220DAF = {
			isa = PBXGroup;
			children = (
				843FF5E0207FBEF600220DAF /* Foodies_Thesis01 */,
				843FF5DF207FBEF600220DAF /* Products */,
			);
			sourceTree = "<group>";
		};
		843FF5DF207FBEF600220DAF /* Products */ = {
			isa = PBXGroup;
			children = (
				843FF5DE207FBEF600220DAF /* Foodies_Thesis01.app */,
			);
			name = Products;
			sourceTree = "<group>";
		};
		843FF5E0207FBEF600220DAF /* Foodies_Thesis01 */ = {
			isa = PBXGroup;
			children = (
				843FF5E1207FBEF600220DAF /* AppDelegate.swift */,
				843FF5E3207FBEF600220DAF /* ViewController.swift */,
				843FF5E5207FBEF600220DAF /* Main.storyboard */,
				843FF5E8207FBEF600220DAF /* Assets.xcassets */,
				843FF5EA207FBEF600220DAF /* LaunchScreen.storyboard */,
				843FF5ED207FBEF600220DAF /* Info.plist */,
			);
			path = Foodies_Thesis01;
			sourceTree = "<group>";
		};
/* End PBXGroup section */

/* Begin PBXNativeTarget section */
		843FF5DD207FBEF600220DAF /* Foodies_Thesis01 */ = {
			isa = PBXNativeTarget;
			buildConfigurationList = 843FF5F0207FBEF600220DAF /* Build configuration list for PBXNativeTarget "Foodies_Thesis01" */;
			buildPhases = (
				843FF5DA207FBEF600220DAF /* Sources */,
				843FF5DB207FBEF600220DAF /* Frameworks */,
				843FF5DC207FBEF600220DAF /* Resources */,
			);
			buildRules = (
			);
			dependencies = (
			);
			name = Foodies_Thesis01;
			productName = Foodies_Thesis01;
			productReference = 843FF5DE207FBEF600220DAF /* Foodies_Thesis01.app */;
			productType = "com.apple.product-type.application";
		};
/* End PBXNativeTarget section */

/* Begin PBXProject section */
		843FF5D6207FBEF500220DAF /* Project object */ = {
			isa = PBXProject;
			attributes = {
				LastSwiftUpdateCheck = 0920;
				LastUpgradeCheck = 0920;
				ORGANIZATIONNAME = luqianchen;
				TargetAttributes = {
					843FF5DD207FBEF600220DAF = {
						CreatedOnToolsVersion = 9.2;
						ProvisioningStyle = Automatic;
					};
				};
			};
			buildConfigurationList = 843FF5D9207FBEF500220DAF /* Build configuration list for PBXProject "Foodies_Thesis01" */;
			compatibilityVersion = "Xcode 8.0";
			developmentRegion = en;
			hasScannedForEncodings = 0;
			knownRegions = (
				en,
				Base,
			);
			mainGroup = 843FF5D5207FBEF500220DAF;
			productRefGroup = 843FF5DF207FBEF600220DAF /* Products */;
			projectDirPath = "";
			projectRoot = "";
			targets = (
				843FF5DD207FBEF600220DAF /* Foodies_Thesis01 */,
			);
		};
/* End PBXProject section */

/* Begin PBXResourcesBuildPhase section */
		843FF5DC207FBEF600220DAF /* Resources */ = {
			isa = PBXResourcesBuildPhase;
			buildActionMask = 2147483647;
			files = (
				843FF5EC207FBEF600220DAF /* LaunchScreen.storyboard in Resources */,
				843FF5E9207FBEF600220DAF /* Assets.xcassets in Resources */,
				843FF5E7207FBEF600220DAF /* Main.storyboard in Resources */,
			);
			runOnlyForDeploymentPostprocessing = 0;
		};
/* End PBXResourcesBuildPhase section */

/* Begin PBXSourcesBuildPhase section */
		843FF5DA207FBEF600220DAF /* Sources */ = {
			isa = PBXSourcesBuildPhase;
			buildActionMask = 2147483647;
			files = (
				843FF5E4207FBEF600220DAF /* ViewController.swift in Sources */,
				843FF5E2207FBEF600220DAF /* AppDelegate.swift in Sources */,
			);
			runOnlyForDeploymentPostprocessing = 0;
		};
/* End PBXSourcesBuildPhase section */

/* Begin PBXVariantGroup section */
		843FF5E5207FBEF600220DAF /* Main.storyboard */ = {
			isa = PBXVariantGroup;
			children = (
				843FF5E6207FBEF600220DAF /* Base */,
			);
			name = Main.storyboard;
			sourceTree = "<group>";
		};
		843FF5EA207FBEF600220DAF /* LaunchScreen.storyboard */ = {
			isa = PBXVariantGroup;
			children = (
				843FF5EB207FBEF600220DAF /* Base */,
			);
			name = LaunchScreen.storyboard;
			sourceTree = "<group>";
		};
/* End PBXVariantGroup section */

/* Begin XCBuildConfiguration section */
		843FF5EE207FBEF600220DAF /* Debug */ = {
			isa = XCBuildConfiguration;
			buildSettings = {
				ALWAYS_SEARCH_USER_PATHS = NO;
				CLANG_ANALYZER_NONNULL = YES;
				CLANG_ANALYZER_NUMBER_OBJECT_CONVERSION = YES_AGGRESSIVE;
				CLANG_CXX_LANGUAGE_STANDARD = "gnu++14";
				CLANG_CXX_LIBRARY = "libc++";
				CLANG_ENABLE_MODULES = YES;
				CLANG_ENABLE_OBJC_ARC = YES;
				CLANG_WARN_BLOCK_CAPTURE_AUTORELEASING = YES;
				CLANG_WARN_BOOL_CONVERSION = YES;
				CLANG_WARN_COMMA = YES;
				CLANG_WARN_CONSTANT_CONVERSION = YES;
				CLANG_WARN_DIRECT_OBJC_ISA_USAGE = YES_ERROR;
				CLANG_WARN_DOCUMENTATION_COMMENTS = YES;
				CLANG_WARN_EMPTY_BODY = YES;
				CLANG_WARN_ENUM_CONVERSION = YES;
				CLANG_WARN_INFINITE_RECURSION = YES;
				CLANG_WARN_INT_CONVERSION = YES;
				CLANG_WARN_NON_LITERAL_NULL_CONVERSION = YES;
				CLANG_WARN_OBJC_LITERAL_CONVERSION = YES;
				CLANG_WARN_OBJC_ROOT_CLASS = YES_ERROR;
				CLANG_WARN_RANGE_LOOP_ANALYSIS = YES;
				CLANG_WARN_STRICT_PROTOTYPES = YES;
				CLANG_WARN_SUSPICIOUS_MOVE = YES;
				CLANG_WARN_UNGUARDED_AVAILABILITY = YES_AGGRESSIVE;
				CLANG_WARN_UNREACHABLE_CODE = YES;
				CLANG_WARN__DUPLICATE_METHOD_MATCH = YES;
				CODE_SIGN_IDENTITY = "iPhone Developer";
				COPY_PHASE_STRIP = NO;
				DEBUG_INFORMATION_FORMAT = dwarf;
				ENABLE_STRICT_OBJC_MSGSEND = YES;
				ENABLE_TESTABILITY = YES;
				GCC_C_LANGUAGE_STANDARD = gnu11;
				GCC_DYNAMIC_NO_PIC = NO;
				GCC_NO_COMMON_BLOCKS = YES;
				GCC_OPTIMIZATION_LEVEL = 0;
				GCC_PREPROCESSOR_DEFINITIONS = (
					"DEBUG=1",
					"$(inherited)",
				);
				GCC_WARN_64_TO_32_BIT_CONVERSION = YES;
				GCC_WARN_ABOUT_RETURN_TYPE = YES_ERROR;
				GCC_WARN_UNDECLARED_SELECTOR = YES;
				GCC_WARN_UNINITIALIZED_AUTOS = YES_AGGRESSIVE;
				GCC_WARN_UNUSED_FUNCTION = YES;
				GCC_WARN_UNUSED_VARIABLE = YES;
				IPHONEOS_DEPLOYMENT_TARGET = 11.2;
				MTL_ENABLE_DEBUG_INFO = YES;
				ONLY_ACTIVE_ARCH = YES;
				SDKROOT = iphoneos;
				SWIFT_ACTIVE_COMPILATION_CONDITIONS = DEBUG;
				SWIFT_OPTIMIZATION_LEVEL = "-Onone";
			};
			name = Debug;
		};
		843FF5EF207FBEF600220DAF /* Release */ = {
			isa = XCBuildConfiguration;
			buildSettings = {
				ALWAYS_SEARCH_USER_PATHS = NO;
				CLANG_ANALYZER_NONNULL = YES;
				CLANG_ANALYZER_NUMBER_OBJECT_CONVERSION = YES_AGGRESSIVE;
				CLANG_CXX_LANGUAGE_STANDARD = "gnu++14";
				CLANG_CXX_LIBRARY = "libc++";
				CLANG_ENABLE_MODULES = YES;
				CLANG_ENABLE_OBJC_ARC = YES;
				CLANG_WARN_BLOCK_CAPTURE_AUTORELEASING = YES;
				CLANG_WARN_BOOL_CONVERSION = YES;
				CLANG_WARN_COMMA = YES;
				CLANG_WARN_CONSTANT_CONVERSION = YES;
				CLANG_WARN_DIRECT_OBJC_ISA_USAGE = YES_ERROR;
				CLANG_WARN_DOCUMENTATION_COMMENTS = YES;
				CLANG_WARN_EMPTY_BODY = YES;
				CLANG_WARN_ENUM_CONVERSION = YES;
				CLANG_WARN_INFINITE_RECURSION = YES;
				CLANG_WARN_INT_CONVERSION = YES;
				CLANG_WARN_NON_LITERAL_NULL_CONVERSION = YES;
				CLANG_WARN_OBJC_LITERAL_CONVERSION = YES;
				CLANG_WARN_OBJC_ROOT_CLASS = YES_ERROR;
				CLANG_WARN_RANGE_LOOP_ANALYSIS = YES;
				CLANG_WARN_STRICT_PROTOTYPES = YES;
				CLANG_WARN_SUSPICIOUS_MOVE = YES;
				CLANG_WARN_UNGUARDED_AVAILABILITY = YES_AGGRESSIVE;
				CLANG_WARN_UNREACHABLE_CODE = YES;
				CLANG_WARN__DUPLICATE_METHOD_MATCH = YES;
				CODE_SIGN_IDENTITY = "iPhone Developer";
				COPY_PHASE_STRIP = NO;
				DEBUG_INFORMATION_FORMAT = "dwarf-with-dsym";
				ENABLE_NS_ASSERTIONS = NO;
				ENABLE_STRICT_OBJC_MSGSEND = YES;
				GCC_C_LANGUAGE_STANDARD = gnu11;
				GCC_NO_COMMON_BLOCKS = YES;
				GCC_WARN_64_TO_32_BIT_CONVERSION = YES;
				GCC_WARN_ABOUT_RETURN_TYPE = YES_ERROR;
				GCC_WARN_UNDECLARED_SELECTOR = YES;
				GCC_WARN_UNINITIALIZED_AUTOS = YES_AGGRESSIVE;
				GCC_WARN_UNUSED_FUNCTION = YES;
				GCC_WARN_UNUSED_VARIABLE = YES;
				IPHONEOS_DEPLOYMENT_TARGET = 11.2;
				MTL_ENABLE_DEBUG_INFO = NO;
				SDKROOT = iphoneos;
				SWIFT_OPTIMIZATION_LEVEL = "-Owholemodule";
				VALIDATE_PRODUCT = YES;
			};
			name = Release;
		};
		843FF5F1207FBEF600220DAF /* Debug */ = {
			isa = XCBuildConfiguration;
			buildSettings = {
				ASSETCATALOG_COMPILER_APPICON_NAME = AppIcon;
				CODE_SIGN_STYLE = Automatic;
				DEVELOPMENT_TEAM = 6HEZEG9F7J;
				INFOPLIST_FILE = Foodies_Thesis01/Info.plist;
				LD_RUNPATH_SEARCH_PATHS = "$(inherited) @executable_path/Frameworks";
				PRODUCT_BUNDLE_IDENTIFIER = "com.luqianchen.Foodies-Thesis01";
				PRODUCT_NAME = "$(TARGET_NAME)";
				SWIFT_VERSION = 4.0;
				TARGETED_DEVICE_FAMILY = "1,2";
			};
			name = Debug;
		};
		843FF5F2207FBEF600220DAF /* Release */ = {
			isa = XCBuildConfiguration;
			buildSettings = {
				ASSETCATALOG_COMPILER_APPICON_NAME = AppIcon;
				CODE_SIGN_STYLE = Automatic;
				DEVELOPMENT_TEAM = 6HEZEG9F7J;
				INFOPLIST_FILE = Foodies_Thesis01/Info.plist;
				LD_RUNPATH_SEARCH_PATHS = "$(inherited) @executable_path/Frameworks";
				PRODUCT_BUNDLE_IDENTIFIER = "com.luqianchen.Foodies-Thesis01";
				PRODUCT_NAME = "$(TARGET_NAME)";
				SWIFT_VERSION = 4.0;
				TARGETED_DEVICE_FAMILY = "1,2";
			};
			name = Release;
		};
/* End XCBuildConfiguration section */

/* Begin XCConfigurationList section */
		843FF5D9207FBEF500220DAF /* Build configuration list for PBXProject "Foodies_Thesis01" */ = {
			isa = XCConfigurationList;
			buildConfigurations = (
				843FF5EE207FBEF600220DAF /* Debug */,
				843FF5EF207FBEF600220DAF /* Release */,
			);
			defaultConfigurationIsVisible = 0;
			defaultConfigurationName = Release;
		};
		843FF5F0207FBEF600220DAF /* Build configuration list for PBXNativeTarget "Foodies_Thesis01" */ = {
			isa = XCConfigurationList;
			buildConfigurations = (
				843FF5F1207FBEF600220DAF /* Debug */,
				843FF5F2207FBEF600220DAF /* Release */,
			);
			defaultConfigurationIsVisible = 0;
			defaultConfigurationName = Release;
		};
/* End XCConfigurationList section */
	};
	rootObject = 843FF5D6207FBEF500220DAF /* Project object */;
}
